
Microsoft Visual Studio Solution File, Format Version 12.00
# Visual Studio Version 17
VisualStudioVersion = 17.8.34525.116
MinimumVisualStudioVersion = 10.0.40219.1
Project("{FAE04EC0-301F-11D3-BF4B-00C04F79EFBC}") = "Niche", "Niche\Niche.csproj", "{87FC5736-5F61-4377-9D8C-74911A577FEA}"
EndProject
Global
	GlobalSection(SolutionConfigurationPlatforms) = preSolution
		Debug|Any CPU = Debug|Any CPU
		Release|Any CPU = Release|Any CPU
	EndGlobalSection
	GlobalSection(ProjectConfigurationPlatforms) = postSolution
		{87FC5736-5F61-4377-9D8C-74911A577FEA}.Debug|Any CPU.ActiveCfg = Debug|Any CPU
		{87FC5736-5F61-4377-9D8C-74911A577FEA}.Debug|Any CPU.Build.0 = Debug|Any CPU
		{87FC5736-5F61-4377-9D8C-74911A577FEA}.Release|Any CPU.ActiveCfg = Release|Any CPU
		{87FC5736-5F61-4377-9D8C-74911A577FEA}.Release|Any CPU.Build.0 = Release|Any CPU
	EndGlobalSection
	GlobalSection(SolutionProperties) = preSolution
		HideSolutionNode = FALSE
	EndGlobalSection
	GlobalSection(ExtensibilityGlobals) = postSolution
		SolutionGuid = {19FD0407-B47B-4367-98D8-F03F84BF3BD6}
	EndGlobalSection
EndGlobal
